<?xml version="1.0" encoding="utf-8"?>
<Project ToolsVersion="17.0" xmlns="http://schemas.microsoft.com/developer/msbuild/2003">
  <ItemGroup>
    <ClCompile Include="D:\Elte-Fizika\TDK\GEANT\MySim\exampleB1.cc">
      <Filter>Source Files</Filter>
    </ClCompile>
    <ClCompile Include="D:\Elte-Fizika\TDK\GEANT\MySim\src\B1ActionInitialization.cc">
      <Filter>Source Files</Filter>
    </ClCompile>
    <ClCompile Include="D:\Elte-Fizika\TDK\GEANT\MySim\src\B1DetectorConstruction.cc">
      <Filter>Source Files</Filter>
    </ClCompile>
    <ClCompile Include="D:\Elte-Fizika\TDK\GEANT\MySim\src\B1EventAction.cc">
      <Filter>Source Files</Filter>
    </ClCompile>
    <ClCompile Include="D:\Elte-Fizika\TDK\GEANT\MySim\src\B1PhysicsList.cc">
      <Filter>Source Files</Filter>
    </ClCompile>
    <ClCompile Include="D:\Elte-Fizika\TDK\GEANT\MySim\src\B1PhysicsListMessenger.cc">
      <Filter>Source Files</Filter>
    </ClCompile>
    <ClCompile Include="D:\Elte-Fizika\TDK\GEANT\MySim\src\B1PrimaryGeneratorAction.cc">
      <Filter>Source Files</Filter>
    </ClCompile>
    <ClCompile Include="D:\Elte-Fizika\TDK\GEANT\MySim\src\B1Run.cc">
      <Filter>Source Files</Filter>
    </ClCompile>
    <ClCompile Include="D:\Elte-Fizika\TDK\GEANT\MySim\src\B1RunAction.cc">
      <Filter>Source Files</Filter>
    </ClCompile>
    <ClCompile Include="D:\Elte-Fizika\TDK\GEANT\MySim\src\B1SteppingAction.cc">
      <Filter>Source Files</Filter>
    </ClCompile>
  </ItemGroup>
  <ItemGroup>
    <ClInclude Include="D:\Elte-Fizika\TDK\GEANT\MySim\include\B1ActionInitialization.hh">
      <Filter>Header Files</Filter>
    </ClInclude>
    <ClInclude Include="D:\Elte-Fizika\TDK\GEANT\MySim\include\B1DetectorConstruction.hh">
      <Filter>Header Files</Filter>
    </ClInclude>
    <ClInclude Include="D:\Elte-Fizika\TDK\GEANT\MySim\include\B1EventAction.hh">
      <Filter>Header Files</Filter>
    </ClInclude>
    <ClInclude Include="D:\Elte-Fizika\TDK\GEANT\MySim\include\B1PhysicsList.hh">
      <Filter>Header Files</Filter>
    </ClInclude>
    <ClInclude Include="D:\Elte-Fizika\TDK\GEANT\MySim\include\B1PhysicsListMessenger.hh">
      <Filter>Header Files</Filter>
    </ClInclude>
    <ClInclude Include="D:\Elte-Fizika\TDK\GEANT\MySim\include\B1PrimaryGeneratorAction.hh">
      <Filter>Header Files</Filter>
    </ClInclude>
    <ClInclude Include="D:\Elte-Fizika\TDK\GEANT\MySim\include\B1Run.hh">
      <Filter>Header Files</Filter>
    </ClInclude>
    <ClInclude Include="D:\Elte-Fizika\TDK\GEANT\MySim\include\B1RunAction.hh">
      <Filter>Header Files</Filter>
    </ClInclude>
    <ClInclude Include="D:\Elte-Fizika\TDK\GEANT\MySim\include\B1SteppingAction.hh">
      <Filter>Header Files</Filter>
    </ClInclude>
  </ItemGroup>
  <ItemGroup>
    <CustomBuild Include="D:\Elte-Fizika\TDK\GEANT\MySim\CMakeLists.txt" />
  </ItemGroup>
  <ItemGroup>
    <Filter Include="Header Files">
      <UniqueIdentifier>{D17974EF-FCB7-3D84-93D4-5887CD3C9423}</UniqueIdentifier>
    </Filter>
    <Filter Include="Source Files">
      <UniqueIdentifier>{5A910A56-5B63-3075-9381-6100B9499361}</UniqueIdentifier>
    </Filter>
  </ItemGroup>
</Project>
